
Microsoft Visual Studio Solution File, Format Version 12.00
# Visual Studio 2013
VisualStudioVersion = 12.0.21005.1
MinimumVisualStudioVersion = 10.0.40219.1
Project("{FAE04EC0-301F-11D3-BF4B-00C04F79EFBC}") = "Training.DataStructures.Lib", "Training.DataStructures.Lib\Training.DataStructures.Lib.csproj", "{FB37B7A2-1108-41F4-BF5B-ACDA30D90E33}"
EndProject
Project("{FAE04EC0-301F-11D3-BF4B-00C04F79EFBC}") = "Training.DataStructures.Tests", "Training.DataStructures.Tests\Training.DataStructures.Tests.csproj", "{62B00506-6FFE-4EB2-A9BF-2CC8D88FCD42}"
EndProject
Global
	GlobalSection(SolutionConfigurationPlatforms) = preSolution
		Debug|Any CPU = Debug|Any CPU
		Release|Any CPU = Release|Any CPU
	EndGlobalSection
	GlobalSection(ProjectConfigurationPlatforms) = postSolution
		{FB37B7A2-1108-41F4-BF5B-ACDA30D90E33}.Debug|Any CPU.ActiveCfg = Debug|Any CPU
		{FB37B7A2-1108-41F4-BF5B-ACDA30D90E33}.Debug|Any CPU.Build.0 = Debug|Any CPU
		{FB37B7A2-1108-41F4-BF5B-ACDA30D90E33}.Release|Any CPU.ActiveCfg = Release|Any CPU
		{FB37B7A2-1108-41F4-BF5B-ACDA30D90E33}.Release|Any CPU.Build.0 = Release|Any CPU
		{62B00506-6FFE-4EB2-A9BF-2CC8D88FCD42}.Debug|Any CPU.ActiveCfg = Debug|Any CPU
		{62B00506-6FFE-4EB2-A9BF-2CC8D88FCD42}.Debug|Any CPU.Build.0 = Debug|Any CPU
		{62B00506-6FFE-4EB2-A9BF-2CC8D88FCD42}.Release|Any CPU.ActiveCfg = Release|Any CPU
		{62B00506-6FFE-4EB2-A9BF-2CC8D88FCD42}.Release|Any CPU.Build.0 = Release|Any CPU
	EndGlobalSection
	GlobalSection(SolutionProperties) = preSolution
		HideSolutionNode = FALSE
	EndGlobalSection
EndGlobal
